{"1.2.0",
[{<<"cowboy">>,
  {git,"https://github.com/extend/cowboy",
       {ref,"137e86de7b94a85c0bae72fbc7848bb849a8ac0b"}},
  0},
 {<<"cowboy_session">>,
  {git,"https://github.com/dronowar/cowboy_session",
       {ref,"40d818b74085a1d40fb88799e258fa0c33b55122"}},
  0},
 {<<"cowlib">>,
  {git,"https://github.com/ninenines/cowlib",
       {ref,"e9448e5628c8c1d9083223ff973af8de31a566d1"}},
  1},
 {<<"emodel">>,
  {git,"https://github.com/egobrain/emodel.git",
       {ref,"361f5eef0aabc63c390e26b43c602e14e06425cb"}},
  0},
 {<<"epgsql">>,
  {git,"https://github.com/epgsql/epgsql.git",
       {ref,"39d9662a22018faf0ec0372abc56c55f1420cf63"}},
  0},
 {<<"fs">>,{pkg,<<"fs">>,<<"6.1.1">>},1},
 {<<"gproc">>,
  {git,"https://github.com/esl/gproc.git",
       {ref,"1f12fbf6fd75cb4fa6e7b38f331fe3e1fdd2adf0"}},
  0},
 {<<"jiffy">>,
  {git,"https://github.com/davisp/jiffy",
       {ref,"9ea1b35b6e60ba21dfd4adbd18e7916a831fd7d4"}},
  0},
 {<<"jsone">>,
  {git,"https://github.com/sile/jsone.git",
       {ref,"042ad003530b9bd0ef9599154e27785fed86e82d"}},
  0},
 {<<"meck">>,
  {git,"https://github.com/eproxus/meck.git",
       {ref,"cc47aab4b64a46a5409c1a93353d44a367b41454"}},
  0},
 {<<"mochiweb">>,
  {git,"https://github.com/mochi/mochiweb.git",
       {ref,"bd0c848040b57513c824b58f1c0c5e6d3d045dea"}},
  0},
 {<<"pgapp">>,
  {git,"https://github.com/epgsql/pgapp.git",
       {ref,"e55452ba8621720bd9bfe0b5d0cd92687c82d470"}},
  0},
 {<<"poolboy">>,
  {git,"https://github.com/devinus/poolboy.git",
       {ref,"9212a8770edb149ee7ca0bca353855e215f7cba5"}},
  0},
 {<<"ranch">>,
  {git,"https://github.com/ninenines/ranch",
       {ref,"a692f44567034dacf5efcaa24a24183788594eb7"}},
  1},
 {<<"redbug">>,
  {git,"https://github.com/massemanet/redbug.git",
       {ref,"586266d1962c41f30c2acb61a9cae0c7334c15a5"}},
  0},
 {<<"sync">>,
  {git,"https://github.com/rustyio/sync.git",
       {ref,"3f0049e809ffe303ae2cd395217a025ce6e758ae"}},
  0},
 {<<"uuid">>,
  {git,"https://github.com/travis/erlang-uuid.git",
       {ref,"f6a1cf9027e4af78b4a81201f4f6db1a822b8316"}},
  0}]}.
[
{pkg_hash,[
 {<<"fs">>, <<"9D147B944D60CFA48A349F12D06C8EE71128F610C90870BDF9A6773206452ED0">>}]},
{pkg_hash_ext,[
 {<<"fs">>, <<"EF94E95FFE79916860649FED80AC62B04C322B0BB70F5128144C026B4D171F8B">>}]}
].
